
Microsoft Visual Studio Solution File, Format Version 12.00
# Visual Studio Version 17
VisualStudioVersion = 17.5.002.0
MinimumVisualStudioVersion = 10.0.40219.1
Project("{9A19103F-16F7-4668-BE54-9A1E7A4F7556}") = "day6", "day6.csproj", "{D8493C8C-970C-4B43-ADFE-45D8E0D55A93}"
EndProject
Global
	GlobalSection(SolutionConfigurationPlatforms) = preSolution
		Debug|Any CPU = Debug|Any CPU
		Release|Any CPU = Release|Any CPU
	EndGlobalSection
	GlobalSection(ProjectConfigurationPlatforms) = postSolution
		{D8493C8C-970C-4B43-ADFE-45D8E0D55A93}.Debug|Any CPU.ActiveCfg = Debug|Any CPU
		{D8493C8C-970C-4B43-ADFE-45D8E0D55A93}.Debug|Any CPU.Build.0 = Debug|Any CPU
		{D8493C8C-970C-4B43-ADFE-45D8E0D55A93}.Release|Any CPU.ActiveCfg = Release|Any CPU
		{D8493C8C-970C-4B43-ADFE-45D8E0D55A93}.Release|Any CPU.Build.0 = Release|Any CPU
	EndGlobalSection
	GlobalSection(SolutionProperties) = preSolution
		HideSolutionNode = FALSE
	EndGlobalSection
	GlobalSection(ExtensibilityGlobals) = postSolution
		SolutionGuid = {071F56CB-BAB6-4965-BC59-31A1A27A3873}
	EndGlobalSection
EndGlobal
