
Microsoft Visual Studio Solution File, Format Version 12.00
# Visual Studio Version 17
VisualStudioVersion = 17.5.002.0
MinimumVisualStudioVersion = 10.0.40219.1
Project("{9A19103F-16F7-4668-BE54-9A1E7A4F7556}") = "Benchmarker", "Benchmarker.csproj", "{B82D0EB5-F713-4DA6-9928-1860FC3BF30C}"
EndProject
Global
	GlobalSection(SolutionConfigurationPlatforms) = preSolution
		Debug|Any CPU = Debug|Any CPU
		Release|Any CPU = Release|Any CPU
	EndGlobalSection
	GlobalSection(ProjectConfigurationPlatforms) = postSolution
		{B82D0EB5-F713-4DA6-9928-1860FC3BF30C}.Debug|Any CPU.ActiveCfg = Debug|Any CPU
		{B82D0EB5-F713-4DA6-9928-1860FC3BF30C}.Debug|Any CPU.Build.0 = Debug|Any CPU
		{B82D0EB5-F713-4DA6-9928-1860FC3BF30C}.Release|Any CPU.ActiveCfg = Release|Any CPU
		{B82D0EB5-F713-4DA6-9928-1860FC3BF30C}.Release|Any CPU.Build.0 = Release|Any CPU
	EndGlobalSection
	GlobalSection(SolutionProperties) = preSolution
		HideSolutionNode = FALSE
	EndGlobalSection
	GlobalSection(ExtensibilityGlobals) = postSolution
		SolutionGuid = {7A06C462-D7F3-4593-8D1F-49CFF7EF1808}
	EndGlobalSection
EndGlobal
